
Microsoft Visual Studio Solution File, Format Version 12.00
# Visual Studio 15
VisualStudioVersion = 15.0.28307.572
MinimumVisualStudioVersion = 10.0.40219.1
Project("{FAE04EC0-301F-11D3-BF4B-00C04F79EFBC}") = "WrongFailedTestsCount", "WrongFailedTestsCount\WrongFailedTestsCount.csproj", "{FBBF0F3A-67E8-46BF-8534-C148B6E42F8E}"
EndProject
Global
	GlobalSection(SolutionConfigurationPlatforms) = preSolution
		Debug|Any CPU = Debug|Any CPU
		Release|Any CPU = Release|Any CPU
	EndGlobalSection
	GlobalSection(ProjectConfigurationPlatforms) = postSolution
		{FBBF0F3A-67E8-46BF-8534-C148B6E42F8E}.Debug|Any CPU.ActiveCfg = Debug|Any CPU
		{FBBF0F3A-67E8-46BF-8534-C148B6E42F8E}.Debug|Any CPU.Build.0 = Debug|Any CPU
		{FBBF0F3A-67E8-46BF-8534-C148B6E42F8E}.Release|Any CPU.ActiveCfg = Release|Any CPU
		{FBBF0F3A-67E8-46BF-8534-C148B6E42F8E}.Release|Any CPU.Build.0 = Release|Any CPU
	EndGlobalSection
	GlobalSection(SolutionProperties) = preSolution
		HideSolutionNode = FALSE
	EndGlobalSection
	GlobalSection(ExtensibilityGlobals) = postSolution
		SolutionGuid = {47B6ECF5-D74B-4117-B3A2-13705771886D}
	EndGlobalSection
EndGlobal
